github.com/0x1un/godingtalk v0.0.0-20200524055513-7c09e8fc4ea8 h1:mDE5ztpUWithJfOD6ZauJ0iQxn+YnSnSm7T/UbSezAA=
github.com/0x1un/godingtalk v0.0.0-20200524055513-7c09e8fc4ea8/go.mod h1:WhsbuSQdlV1QbkQAtenUgzL/diGCVogLY8tMm4otpuY=
github.com/0x1un/godingtalk v0.0.0-20200524065444-a0dcfa41a691 h1:gP1MrtKc8Zr/0zOHC/kZhD+kjeWY/FdkVr2ymLzivVs=
github.com/0x1un/godingtalk v0.0.0-20200524065444-a0dcfa41a691/go.mod h1:WhsbuSQdlV1QbkQAtenUgzL/diGCVogLY8tMm4otpuY=
